
Microsoft Visual Studio Solution File, Format Version 12.00
# Visual Studio Version 17
VisualStudioVersion = 17.1.32319.34
MinimumVisualStudioVersion = 10.0.40219.1
Project("{FAE04EC0-301F-11D3-BF4B-00C04F79EFBC}") = "GIPHY API", "GIPHY API.csproj", "{9B04442E-BF85-4502-BE55-BA2AA7750833}"
EndProject
Global
	GlobalSection(SolutionConfigurationPlatforms) = preSolution
		Debug|Any CPU = Debug|Any CPU
		Release|Any CPU = Release|Any CPU
	EndGlobalSection
	GlobalSection(ProjectConfigurationPlatforms) = postSolution
		{9B04442E-BF85-4502-BE55-BA2AA7750833}.Debug|Any CPU.ActiveCfg = Debug|Any CPU
		{9B04442E-BF85-4502-BE55-BA2AA7750833}.Debug|Any CPU.Build.0 = Debug|Any CPU
		{9B04442E-BF85-4502-BE55-BA2AA7750833}.Release|Any CPU.ActiveCfg = Release|Any CPU
		{9B04442E-BF85-4502-BE55-BA2AA7750833}.Release|Any CPU.Build.0 = Release|Any CPU
	EndGlobalSection
	GlobalSection(SolutionProperties) = preSolution
		HideSolutionNode = FALSE
	EndGlobalSection
	GlobalSection(ExtensibilityGlobals) = postSolution
		SolutionGuid = {56EB215B-AAE0-4831-9F7D-16F7F17BFD2D}
	EndGlobalSection
EndGlobal
